
Microsoft Visual Studio Solution File, Format Version 12.00
# Visual Studio 15
VisualStudioVersion = 15.0.27703.2047
MinimumVisualStudioVersion = 10.0.40219.1
Project("{2150E333-8FDC-42A3-9474-1A3956D46DE8}") = "Model", "Model", "{766787CF-3955-42BD-8BB4-5DE3A16A1352}"
EndProject
Project("{2150E333-8FDC-42A3-9474-1A3956D46DE8}") = "UI", "UI", "{68B04E68-70D0-4500-B7AE-2078D1022D91}"
EndProject
Project("{2150E333-8FDC-42A3-9474-1A3956D46DE8}") = "DAL", "DAL", "{E1F398CE-C24E-4D44-A91F-1F52B1C135D4}"
EndProject
Project("{2150E333-8FDC-42A3-9474-1A3956D46DE8}") = "BLL", "BLL", "{24994729-62CD-4843-AA7C-7B10822B6B91}"
EndProject
Project("{FAE04EC0-301F-11D3-BF4B-00C04F79EFBC}") = "Study.UI", "Study.UI\Study.UI.csproj", "{02D941D5-8BE2-4199-B85D-89366BF0489A}"
EndProject
Project("{FAE04EC0-301F-11D3-BF4B-00C04F79EFBC}") = "Study.Model", "Study.Model\Study.Model.csproj", "{E5D40495-805C-4B29-BF90-7A0A6CA3BEE9}"
EndProject
Project("{FAE04EC0-301F-11D3-BF4B-00C04F79EFBC}") = "Study.IDAL", "Study.IDAL\Study.IDAL.csproj", "{4B152CCE-4A1E-4703-A435-DACD485A25B8}"
EndProject
Project("{FAE04EC0-301F-11D3-BF4B-00C04F79EFBC}") = "Study.DALContainer", "Study.DALContainer\Study.DALContainer.csproj", "{50418EA3-A0EB-416F-84C7-1235ECA47B00}"
EndProject
Project("{FAE04EC0-301F-11D3-BF4B-00C04F79EFBC}") = "Study.DAL", "Study.DAL\Study.DAL.csproj", "{C48DB01D-89BB-4845-8C85-17D3E98C69C7}"
EndProject
Project("{FAE04EC0-301F-11D3-BF4B-00C04F79EFBC}") = "Study.IBLL", "Study.IBLL\Study.IBLL.csproj", "{AAFE095B-9F5E-4EBF-9918-B5BE6858DA72}"
EndProject
Project("{FAE04EC0-301F-11D3-BF4B-00C04F79EFBC}") = "Study.BLLContainer", "Study.BLLContainer\Study.BLLContainer.csproj", "{2B5E752F-A4FF-415C-B070-8F2C55F6FC17}"
EndProject
Project("{FAE04EC0-301F-11D3-BF4B-00C04F79EFBC}") = "Study.BLL", "Study.BLL\Study.BLL.csproj", "{FB8D1F27-3E22-4C8D-A4BC-78344BAF2A4B}"
EndProject
Project("{2150E333-8FDC-42A3-9474-1A3956D46DE8}") = "Util", "Util", "{33C19D10-E114-43BB-BC7F-A2BB67A79B5F}"
EndProject
Project("{FAE04EC0-301F-11D3-BF4B-00C04F79EFBC}") = "Study.MathUtil", "Study.Util\Study.MathUtil.csproj", "{FE88AE88-5DD8-41E4-B3AA-F7EFF2258F86}"
EndProject
Project("{FAE04EC0-301F-11D3-BF4B-00C04F79EFBC}") = "Study.RedisUtil", "Study.RedisCache\Study.RedisUtil.csproj", "{A7EE6594-19CF-4E4C-8375-B1A7B451B6ED}"
EndProject
Project("{FAE04EC0-301F-11D3-BF4B-00C04F79EFBC}") = "Study.DBUtil", "Study.DBUtil\Study.DBUtil.csproj", "{A31B7E3D-A3B9-4BDE-ADE2-B140FE2A7A3D}"
EndProject
Project("{2150E333-8FDC-42A3-9474-1A3956D46DE8}") = "Test", "Test", "{94E17E71-B19F-4BDE-8AA0-8A902D4759F9}"
EndProject
Project("{FAE04EC0-301F-11D3-BF4B-00C04F79EFBC}") = "Study.Test", "Study.Test\Study.Test.csproj", "{6C23E79A-B3AD-4952-A881-666CBBDAB988}"
EndProject
Project("{FAE04EC0-301F-11D3-BF4B-00C04F79EFBC}") = "Study.ExcelUtil", "Study.ExcelUtil\Study.ExcelUtil.csproj", "{B27F57B8-4302-4FBC-B1EA-6E15790C8E7F}"
EndProject
Project("{FAE04EC0-301F-11D3-BF4B-00C04F79EFBC}") = "Study.QuartzUtil", "Study.QuartzUtil\Study.QuartzUtil.csproj", "{3A3394F4-8359-43CA-A316-5CFD88AA6CCD}"
EndProject
Project("{FAE04EC0-301F-11D3-BF4B-00C04F79EFBC}") = "Study.LogUtil", "Study.LogUtil\Study.LogUtil.csproj", "{AA19C934-D51A-434F-B46D-9EA5CB372401}"
EndProject
Project("{FAE04EC0-301F-11D3-BF4B-00C04F79EFBC}") = "Study.WinTest", "Study.WinTest\Study.WinTest.csproj", "{101BBD36-BB1B-4CA1-B52F-D6D78FBF637C}"
EndProject
Global
	GlobalSection(SolutionConfigurationPlatforms) = preSolution
		Debug|Any CPU = Debug|Any CPU
		Release|Any CPU = Release|Any CPU
	EndGlobalSection
	GlobalSection(ProjectConfigurationPlatforms) = postSolution
		{02D941D5-8BE2-4199-B85D-89366BF0489A}.Debug|Any CPU.ActiveCfg = Debug|Any CPU
		{02D941D5-8BE2-4199-B85D-89366BF0489A}.Debug|Any CPU.Build.0 = Debug|Any CPU
		{02D941D5-8BE2-4199-B85D-89366BF0489A}.Release|Any CPU.ActiveCfg = Release|Any CPU
		{02D941D5-8BE2-4199-B85D-89366BF0489A}.Release|Any CPU.Build.0 = Release|Any CPU
		{E5D40495-805C-4B29-BF90-7A0A6CA3BEE9}.Debug|Any CPU.ActiveCfg = Debug|Any CPU
		{E5D40495-805C-4B29-BF90-7A0A6CA3BEE9}.Debug|Any CPU.Build.0 = Debug|Any CPU
		{E5D40495-805C-4B29-BF90-7A0A6CA3BEE9}.Release|Any CPU.ActiveCfg = Release|Any CPU
		{E5D40495-805C-4B29-BF90-7A0A6CA3BEE9}.Release|Any CPU.Build.0 = Release|Any CPU
		{4B152CCE-4A1E-4703-A435-DACD485A25B8}.Debug|Any CPU.ActiveCfg = Debug|Any CPU
		{4B152CCE-4A1E-4703-A435-DACD485A25B8}.Debug|Any CPU.Build.0 = Debug|Any CPU
		{4B152CCE-4A1E-4703-A435-DACD485A25B8}.Release|Any CPU.ActiveCfg = Release|Any CPU
		{4B152CCE-4A1E-4703-A435-DACD485A25B8}.Release|Any CPU.Build.0 = Release|Any CPU
		{50418EA3-A0EB-416F-84C7-1235ECA47B00}.Debug|Any CPU.ActiveCfg = Debug|Any CPU
		{50418EA3-A0EB-416F-84C7-1235ECA47B00}.Debug|Any CPU.Build.0 = Debug|Any CPU
		{50418EA3-A0EB-416F-84C7-1235ECA47B00}.Release|Any CPU.ActiveCfg = Release|Any CPU
		{50418EA3-A0EB-416F-84C7-1235ECA47B00}.Release|Any CPU.Build.0 = Release|Any CPU
		{C48DB01D-89BB-4845-8C85-17D3E98C69C7}.Debug|Any CPU.ActiveCfg = Debug|Any CPU
		{C48DB01D-89BB-4845-8C85-17D3E98C69C7}.Debug|Any CPU.Build.0 = Debug|Any CPU
		{C48DB01D-89BB-4845-8C85-17D3E98C69C7}.Release|Any CPU.ActiveCfg = Release|Any CPU
		{C48DB01D-89BB-4845-8C85-17D3E98C69C7}.Release|Any CPU.Build.0 = Release|Any CPU
		{AAFE095B-9F5E-4EBF-9918-B5BE6858DA72}.Debug|Any CPU.ActiveCfg = Debug|Any CPU
		{AAFE095B-9F5E-4EBF-9918-B5BE6858DA72}.Debug|Any CPU.Build.0 = Debug|Any CPU
		{AAFE095B-9F5E-4EBF-9918-B5BE6858DA72}.Release|Any CPU.ActiveCfg = Release|Any CPU
		{AAFE095B-9F5E-4EBF-9918-B5BE6858DA72}.Release|Any CPU.Build.0 = Release|Any CPU
		{2B5E752F-A4FF-415C-B070-8F2C55F6FC17}.Debug|Any CPU.ActiveCfg = Debug|Any CPU
		{2B5E752F-A4FF-415C-B070-8F2C55F6FC17}.Debug|Any CPU.Build.0 = Debug|Any CPU
		{2B5E752F-A4FF-415C-B070-8F2C55F6FC17}.Release|Any CPU.ActiveCfg = Release|Any CPU
		{2B5E752F-A4FF-415C-B070-8F2C55F6FC17}.Release|Any CPU.Build.0 = Release|Any CPU
		{FB8D1F27-3E22-4C8D-A4BC-78344BAF2A4B}.Debug|Any CPU.ActiveCfg = Debug|Any CPU
		{FB8D1F27-3E22-4C8D-A4BC-78344BAF2A4B}.Debug|Any CPU.Build.0 = Debug|Any CPU
		{FB8D1F27-3E22-4C8D-A4BC-78344BAF2A4B}.Release|Any CPU.ActiveCfg = Release|Any CPU
		{FB8D1F27-3E22-4C8D-A4BC-78344BAF2A4B}.Release|Any CPU.Build.0 = Release|Any CPU
		{FE88AE88-5DD8-41E4-B3AA-F7EFF2258F86}.Debug|Any CPU.ActiveCfg = Debug|Any CPU
		{FE88AE88-5DD8-41E4-B3AA-F7EFF2258F86}.Debug|Any CPU.Build.0 = Debug|Any CPU
		{FE88AE88-5DD8-41E4-B3AA-F7EFF2258F86}.Release|Any CPU.ActiveCfg = Release|Any CPU
		{FE88AE88-5DD8-41E4-B3AA-F7EFF2258F86}.Release|Any CPU.Build.0 = Release|Any CPU
		{A7EE6594-19CF-4E4C-8375-B1A7B451B6ED}.Debug|Any CPU.ActiveCfg = Debug|Any CPU
		{A7EE6594-19CF-4E4C-8375-B1A7B451B6ED}.Debug|Any CPU.Build.0 = Debug|Any CPU
		{A7EE6594-19CF-4E4C-8375-B1A7B451B6ED}.Release|Any CPU.ActiveCfg = Release|Any CPU
		{A7EE6594-19CF-4E4C-8375-B1A7B451B6ED}.Release|Any CPU.Build.0 = Release|Any CPU
		{A31B7E3D-A3B9-4BDE-ADE2-B140FE2A7A3D}.Debug|Any CPU.ActiveCfg = Debug|Any CPU
		{A31B7E3D-A3B9-4BDE-ADE2-B140FE2A7A3D}.Debug|Any CPU.Build.0 = Debug|Any CPU
		{A31B7E3D-A3B9-4BDE-ADE2-B140FE2A7A3D}.Release|Any CPU.ActiveCfg = Release|Any CPU
		{A31B7E3D-A3B9-4BDE-ADE2-B140FE2A7A3D}.Release|Any CPU.Build.0 = Release|Any CPU
		{6C23E79A-B3AD-4952-A881-666CBBDAB988}.Debug|Any CPU.ActiveCfg = Debug|Any CPU
		{6C23E79A-B3AD-4952-A881-666CBBDAB988}.Debug|Any CPU.Build.0 = Debug|Any CPU
		{6C23E79A-B3AD-4952-A881-666CBBDAB988}.Release|Any CPU.ActiveCfg = Release|Any CPU
		{6C23E79A-B3AD-4952-A881-666CBBDAB988}.Release|Any CPU.Build.0 = Release|Any CPU
		{B27F57B8-4302-4FBC-B1EA-6E15790C8E7F}.Debug|Any CPU.ActiveCfg = Debug|Any CPU
		{B27F57B8-4302-4FBC-B1EA-6E15790C8E7F}.Debug|Any CPU.Build.0 = Debug|Any CPU
		{B27F57B8-4302-4FBC-B1EA-6E15790C8E7F}.Release|Any CPU.ActiveCfg = Release|Any CPU
		{B27F57B8-4302-4FBC-B1EA-6E15790C8E7F}.Release|Any CPU.Build.0 = Release|Any CPU
		{3A3394F4-8359-43CA-A316-5CFD88AA6CCD}.Debug|Any CPU.ActiveCfg = Debug|Any CPU
		{3A3394F4-8359-43CA-A316-5CFD88AA6CCD}.Debug|Any CPU.Build.0 = Debug|Any CPU
		{3A3394F4-8359-43CA-A316-5CFD88AA6CCD}.Release|Any CPU.ActiveCfg = Release|Any CPU
		{3A3394F4-8359-43CA-A316-5CFD88AA6CCD}.Release|Any CPU.Build.0 = Release|Any CPU
		{AA19C934-D51A-434F-B46D-9EA5CB372401}.Debug|Any CPU.ActiveCfg = Debug|Any CPU
		{AA19C934-D51A-434F-B46D-9EA5CB372401}.Debug|Any CPU.Build.0 = Debug|Any CPU
		{AA19C934-D51A-434F-B46D-9EA5CB372401}.Release|Any CPU.ActiveCfg = Release|Any CPU
		{AA19C934-D51A-434F-B46D-9EA5CB372401}.Release|Any CPU.Build.0 = Release|Any CPU
		{101BBD36-BB1B-4CA1-B52F-D6D78FBF637C}.Debug|Any CPU.ActiveCfg = Debug|Any CPU
		{101BBD36-BB1B-4CA1-B52F-D6D78FBF637C}.Debug|Any CPU.Build.0 = Debug|Any CPU
		{101BBD36-BB1B-4CA1-B52F-D6D78FBF637C}.Release|Any CPU.ActiveCfg = Release|Any CPU
		{101BBD36-BB1B-4CA1-B52F-D6D78FBF637C}.Release|Any CPU.Build.0 = Release|Any CPU
	EndGlobalSection
	GlobalSection(SolutionProperties) = preSolution
		HideSolutionNode = FALSE
	EndGlobalSection
	GlobalSection(NestedProjects) = preSolution
		{02D941D5-8BE2-4199-B85D-89366BF0489A} = {68B04E68-70D0-4500-B7AE-2078D1022D91}
		{E5D40495-805C-4B29-BF90-7A0A6CA3BEE9} = {766787CF-3955-42BD-8BB4-5DE3A16A1352}
		{4B152CCE-4A1E-4703-A435-DACD485A25B8} = {E1F398CE-C24E-4D44-A91F-1F52B1C135D4}
		{50418EA3-A0EB-416F-84C7-1235ECA47B00} = {E1F398CE-C24E-4D44-A91F-1F52B1C135D4}
		{C48DB01D-89BB-4845-8C85-17D3E98C69C7} = {E1F398CE-C24E-4D44-A91F-1F52B1C135D4}
		{AAFE095B-9F5E-4EBF-9918-B5BE6858DA72} = {24994729-62CD-4843-AA7C-7B10822B6B91}
		{2B5E752F-A4FF-415C-B070-8F2C55F6FC17} = {24994729-62CD-4843-AA7C-7B10822B6B91}
		{FB8D1F27-3E22-4C8D-A4BC-78344BAF2A4B} = {24994729-62CD-4843-AA7C-7B10822B6B91}
		{FE88AE88-5DD8-41E4-B3AA-F7EFF2258F86} = {33C19D10-E114-43BB-BC7F-A2BB67A79B5F}
		{A7EE6594-19CF-4E4C-8375-B1A7B451B6ED} = {33C19D10-E114-43BB-BC7F-A2BB67A79B5F}
		{A31B7E3D-A3B9-4BDE-ADE2-B140FE2A7A3D} = {33C19D10-E114-43BB-BC7F-A2BB67A79B5F}
		{6C23E79A-B3AD-4952-A881-666CBBDAB988} = {94E17E71-B19F-4BDE-8AA0-8A902D4759F9}
		{B27F57B8-4302-4FBC-B1EA-6E15790C8E7F} = {33C19D10-E114-43BB-BC7F-A2BB67A79B5F}
		{3A3394F4-8359-43CA-A316-5CFD88AA6CCD} = {33C19D10-E114-43BB-BC7F-A2BB67A79B5F}
		{AA19C934-D51A-434F-B46D-9EA5CB372401} = {33C19D10-E114-43BB-BC7F-A2BB67A79B5F}
		{101BBD36-BB1B-4CA1-B52F-D6D78FBF637C} = {94E17E71-B19F-4BDE-8AA0-8A902D4759F9}
	EndGlobalSection
	GlobalSection(ExtensibilityGlobals) = postSolution
		SolutionGuid = {0434757B-33E2-45B0-B01D-5A74ABDD4D39}
	EndGlobalSection
EndGlobal
